
Microsoft Visual Studio Solution File, Format Version 12.00
# Visual Studio Version 17
VisualStudioVersion = 17.10.35122.118
MinimumVisualStudioVersion = 10.0.40219.1
Project("{9A19103F-16F7-4668-BE54-9A1E7A4F7556}") = "RegionRandomizer", "RegionRandomizer.csproj", "{1E1EA6E0-A7BF-4A7D-8E96-980093F79AA4}"
EndProject
Global
	GlobalSection(SolutionConfigurationPlatforms) = preSolution
		Debug|Any CPU = Debug|Any CPU
		Release|Any CPU = Release|Any CPU
	EndGlobalSection
	GlobalSection(ProjectConfigurationPlatforms) = postSolution
		{1E1EA6E0-A7BF-4A7D-8E96-980093F79AA4}.Debug|Any CPU.ActiveCfg = Debug|Any CPU
		{1E1EA6E0-A7BF-4A7D-8E96-980093F79AA4}.Debug|Any CPU.Build.0 = Debug|Any CPU
		{1E1EA6E0-A7BF-4A7D-8E96-980093F79AA4}.Release|Any CPU.ActiveCfg = Release|Any CPU
		{1E1EA6E0-A7BF-4A7D-8E96-980093F79AA4}.Release|Any CPU.Build.0 = Release|Any CPU
	EndGlobalSection
	GlobalSection(SolutionProperties) = preSolution
		HideSolutionNode = FALSE
	EndGlobalSection
	GlobalSection(ExtensibilityGlobals) = postSolution
		SolutionGuid = {AF3666F8-053D-40AD-881F-316473D0F90D}
	EndGlobalSection
EndGlobal
